{
    "_meta": {
        "hash": {
            "sha256": "4e832412a26d4336e706081a47f2003285fb7514ac85170c3813ce41f818124a"
        },
        "pipfile-spec": 6,
        "requires": {
            "python_version": "3.10"
        },
        "sources": [
            {
                "name": "pypi",
                "url": "https://pypi.org/simple",
                "verify_ssl": true
            }
        ]
    },
    "default": {
        "aiofiles": {
            "hashes": [
                "sha256:9312414ae06472eb6f1d163f555e466a23aed1c8f60c30cccf7121dba2e53eb2",
                "sha256:edd247df9a19e0db16534d4baaf536d6609a43e1de5401d7a4c1c148753a1635"
            ],
            "markers": "python_version >= '3.7' and python_version < '4.0'",
            "version": "==23.1.0"
        },
        "annotated-types": {
            "hashes": [
                "sha256:47cdc3490d9ac1506ce92c7aaa76c579dc3509ff11e098fc867e5130ab7be802",
                "sha256:58da39888f92c276ad970249761ebea80ba544b77acddaa1a4d6cf78287d45fd"
            ],
            "markers": "python_version >= '3.7'",
            "version": "==0.5.0"
        },
        "anyio": {
            "hashes": [
                "sha256:44a3c9aba0f5defa43261a8b3efb97891f2bd7d804e0e1f56419befa1adfc780",
                "sha256:91dee416e570e92c64041bd18b900d1d6fa78dff7048769ce5ac5ddad004fbb5"
            ],
            "markers": "python_version >= '3.7'",
            "version": "==3.7.1"
        },
        "attrs": {
            "hashes": [
                "sha256:1f28b4522cdc2fb4256ac1a020c78acf9cba2c6b461ccd2c126f3aa8e8335d04",
                "sha256:6279836d581513a26f1bf235f9acd333bc9115683f14f7e8fae46c98fc50e015"
            ],
            "markers": "python_version >= '3.7'",
            "version": "==23.1.0"
        },
        "beautifulsoup4": {
            "hashes": [
                "sha256:492bbc69dca35d12daac71c4db1bfff0c876c00ef4a2ffacce226d4638eb72da",
                "sha256:bd2520ca0d9d7d12694a53d44ac482d181b4ec1888909b035a3dbf40d0f57d4a"
            ],
            "markers": "python_version >= '3.6'",
            "version": "==4.12.2"
        },
        "brotli": {
            "hashes": [
                "sha256:02177603aaca36e1fd21b091cb742bb3b305a569e2402f1ca38af471777fb019",
                "sha256:11d3283d89af7033236fa4e73ec2cbe743d4f6a81d41bd234f24bf63dde979df",
                "sha256:12effe280b8ebfd389022aa65114e30407540ccb89b177d3fbc9a4f177c4bd5d",
                "sha256:160c78292e98d21e73a4cc7f76a234390e516afcd982fa17e1422f7c6a9ce9c8",
                "sha256:16d528a45c2e1909c2798f27f7bf0a3feec1dc9e50948e738b961618e38b6a7b",
                "sha256:19598ecddd8a212aedb1ffa15763dd52a388518c4550e615aed88dc3753c0f0c",
                "sha256:1c48472a6ba3b113452355b9af0a60da5c2ae60477f8feda8346f8fd48e3e87c",
                "sha256:268fe94547ba25b58ebc724680609c8ee3e5a843202e9a381f6f9c5e8bdb5c70",
                "sha256:269a5743a393c65db46a7bb982644c67ecba4b8d91b392403ad8a861ba6f495f",
                "sha256:26d168aac4aaec9a4394221240e8a5436b5634adc3cd1cdf637f6645cecbf181",
                "sha256:29d1d350178e5225397e28ea1b7aca3648fcbab546d20e7475805437bfb0a130",
                "sha256:2aad0e0baa04517741c9bb5b07586c642302e5fb3e75319cb62087bd0995ab19",
                "sha256:3148362937217b7072cf80a2dcc007f09bb5ecb96dae4617316638194113d5be",
                "sha256:330e3f10cd01da535c70d09c4283ba2df5fb78e915bea0a28becad6e2ac010be",
                "sha256:336b40348269f9b91268378de5ff44dc6fbaa2268194f85177b53463d313842a",
                "sha256:3496fc835370da351d37cada4cf744039616a6db7d13c430035e901443a34daa",
                "sha256:35a3edbe18e876e596553c4007a087f8bcfd538f19bc116917b3c7522fca0429",
                "sha256:3b78a24b5fd13c03ee2b7b86290ed20efdc95da75a3557cc06811764d5ad1126",
                "sha256:3b8b09a16a1950b9ef495a0f8b9d0a87599a9d1f179e2d4ac014b2ec831f87e7",
                "sha256:3c1306004d49b84bd0c4f90457c6f57ad109f5cc6067a9664e12b7b79a9948ad",
                "sha256:3ffaadcaeafe9d30a7e4e1e97ad727e4f5610b9fa2f7551998471e3736738679",
                "sha256:40d15c79f42e0a2c72892bf407979febd9cf91f36f495ffb333d1d04cebb34e4",
                "sha256:44bb8ff420c1d19d91d79d8c3574b8954288bdff0273bf788954064d260d7ab0",
                "sha256:4688c1e42968ba52e57d8670ad2306fe92e0169c6f3af0089be75bbac0c64a3b",
                "sha256:495ba7e49c2db22b046a53b469bbecea802efce200dffb69b93dd47397edc9b6",
                "sha256:4d1b810aa0ed773f81dceda2cc7b403d01057458730e309856356d4ef4188438",
                "sha256:503fa6af7da9f4b5780bb7e4cbe0c639b010f12be85d02c99452825dd0feef3f",
                "sha256:56d027eace784738457437df7331965473f2c0da2c70e1a1f6fdbae5402e0389",
                "sha256:5913a1177fc36e30fcf6dc868ce23b0453952c78c04c266d3149b3d39e1410d6",
                "sha256:5b6ef7d9f9c38292df3690fe3e302b5b530999fa90014853dcd0d6902fb59f26",
                "sha256:5bf37a08493232fbb0f8229f1824b366c2fc1d02d64e7e918af40acd15f3e337",
                "sha256:5cb1e18167792d7d21e21365d7650b72d5081ed476123ff7b8cac7f45189c0c7",
                "sha256:61a7ee1f13ab913897dac7da44a73c6d44d48a4adff42a5701e3239791c96e14",
                "sha256:622a231b08899c864eb87e85f81c75e7b9ce05b001e59bbfbf43d4a71f5f32b2",
                "sha256:68715970f16b6e92c574c30747c95cf8cf62804569647386ff032195dc89a430",
                "sha256:6b2ae9f5f67f89aade1fab0f7fd8f2832501311c363a21579d02defa844d9296",
                "sha256:6c772d6c0a79ac0f414a9f8947cc407e119b8598de7621f39cacadae3cf57d12",
                "sha256:6d847b14f7ea89f6ad3c9e3901d1bc4835f6b390a9c71df999b0162d9bb1e20f",
                "sha256:73fd30d4ce0ea48010564ccee1a26bfe39323fde05cb34b5863455629db61dc7",
                "sha256:76ffebb907bec09ff511bb3acc077695e2c32bc2142819491579a695f77ffd4d",
                "sha256:7bbff90b63328013e1e8cb50650ae0b9bac54ffb4be6104378490193cd60f85a",
                "sha256:7cb81373984cc0e4682f31bc3d6be9026006d96eecd07ea49aafb06897746452",
                "sha256:7ee83d3e3a024a9618e5be64648d6d11c37047ac48adff25f12fa4226cf23d1c",
                "sha256:854c33dad5ba0fbd6ab69185fec8dab89e13cda6b7d191ba111987df74f38761",
                "sha256:85f7912459c67eaab2fb854ed2bc1cc25772b300545fe7ed2dc03954da638649",
                "sha256:87fdccbb6bb589095f413b1e05734ba492c962b4a45a13ff3408fa44ffe6479b",
                "sha256:88c63a1b55f352b02c6ffd24b15ead9fc0e8bf781dbe070213039324922a2eea",
                "sha256:8a674ac10e0a87b683f4fa2b6fa41090edfd686a6524bd8dedbd6138b309175c",
                "sha256:8ed6a5b3d23ecc00ea02e1ed8e0ff9a08f4fc87a1f58a2530e71c0f48adf882f",
                "sha256:93130612b837103e15ac3f9cbacb4613f9e348b58b3aad53721d92e57f96d46a",
                "sha256:9744a863b489c79a73aba014df554b0e7a0fc44ef3f8a0ef2a52919c7d155031",
                "sha256:9749a124280a0ada4187a6cfd1ffd35c350fb3af79c706589d98e088c5044267",
                "sha256:97f715cf371b16ac88b8c19da00029804e20e25f30d80203417255d239f228b5",
                "sha256:9bf919756d25e4114ace16a8ce91eb340eb57a08e2c6950c3cebcbe3dff2a5e7",
                "sha256:9d12cf2851759b8de8ca5fde36a59c08210a97ffca0eb94c532ce7b17c6a3d1d",
                "sha256:9ed4c92a0665002ff8ea852353aeb60d9141eb04109e88928026d3c8a9e5433c",
                "sha256:a72661af47119a80d82fa583b554095308d6a4c356b2a554fdc2799bc19f2a43",
                "sha256:afde17ae04d90fbe53afb628f7f2d4ca022797aa093e809de5c3cf276f61bbfa",
                "sha256:b1375b5d17d6145c798661b67e4ae9d5496920d9265e2f00f1c2c0b5ae91fbde",
                "sha256:b336c5e9cf03c7be40c47b5fd694c43c9f1358a80ba384a21969e0b4e66a9b17",
                "sha256:b3523f51818e8f16599613edddb1ff924eeb4b53ab7e7197f85cbc321cdca32f",
                "sha256:b43775532a5904bc938f9c15b77c613cb6ad6fb30990f3b0afaea82797a402d8",
                "sha256:b663f1e02de5d0573610756398e44c130add0eb9a3fc912a09665332942a2efb",
                "sha256:b83bb06a0192cccf1eb8d0a28672a1b79c74c3a8a5f2619625aeb6f28b3a82bb",
                "sha256:ba72d37e2a924717990f4d7482e8ac88e2ef43fb95491eb6e0d124d77d2a150d",
                "sha256:c2415d9d082152460f2bd4e382a1e85aed233abc92db5a3880da2257dc7daf7b",
                "sha256:c83aa123d56f2e060644427a882a36b3c12db93727ad7a7b9efd7d7f3e9cc2c4",
                "sha256:c8e521a0ce7cf690ca84b8cc2272ddaf9d8a50294fd086da67e517439614c755",
                "sha256:cab1b5964b39607a66adbba01f1c12df2e55ac36c81ec6ed44f2fca44178bf1a",
                "sha256:cb02ed34557afde2d2da68194d12f5719ee96cfb2eacc886352cb73e3808fc5d",
                "sha256:cc0283a406774f465fb45ec7efb66857c09ffefbe49ec20b7882eff6d3c86d3a",
                "sha256:cfc391f4429ee0a9370aa93d812a52e1fee0f37a81861f4fdd1f4fb28e8547c3",
                "sha256:db844eb158a87ccab83e868a762ea8024ae27337fc7ddcbfcddd157f841fdfe7",
                "sha256:defed7ea5f218a9f2336301e6fd379f55c655bea65ba2476346340a0ce6f74a1",
                "sha256:e16eb9541f3dd1a3e92b89005e37b1257b157b7256df0e36bd7b33b50be73bcb",
                "sha256:e1abbeef02962596548382e393f56e4c94acd286bd0c5afba756cffc33670e8a",
                "sha256:e23281b9a08ec338469268f98f194658abfb13658ee98e2b7f85ee9dd06caa91",
                "sha256:e2d9e1cbc1b25e22000328702b014227737756f4b5bf5c485ac1d8091ada078b",
                "sha256:e48f4234f2469ed012a98f4b7874e7f7e173c167bed4934912a29e03167cf6b1",
                "sha256:e4c4e92c14a57c9bd4cb4be678c25369bf7a092d55fd0866f759e425b9660806",
                "sha256:ec1947eabbaf8e0531e8e899fc1d9876c179fc518989461f5d24e2223395a9e3",
                "sha256:f909bbbc433048b499cb9db9e713b5d8d949e8c109a2a548502fb9aa8630f0b1"
            ],
            "version": "==1.0.9"
        },
        "bs4": {
            "hashes": [
                "sha256:36ecea1fd7cc5c0c6e4a1ff075df26d50da647b75376626cc186e2212886dd3a"
            ],
            "index": "pypi",
            "version": "==0.0.1"
        },
        "certifi": {
            "hashes": [
                "sha256:0f0d56dc5a6ad56fd4ba36484d6cc34451e1c6548c61daad8c320169f91eddc7",
                "sha256:c6c2e98f5c7869efca1f8916fed228dd91539f9f1b444c314c06eef02980c716"
            ],
            "markers": "python_version >= '3.6'",
            "version": "==2023.5.7"
        },
        "click": {
            "hashes": [
                "sha256:2739815aaa5d2c986a88f1e9230c55e17f0caad3d958a5e13ad0797c166db9e3",
                "sha256:b97d0c74955da062a7d4ef92fadb583806a585b2ea81958a81bd72726cbb8e37"
            ],
            "markers": "python_version >= '3.7'",
            "version": "==8.1.4"
        },
        "duckduckgo-search": {
            "hashes": [
                "sha256:4ebed7fd26f8fd00dfd032015afe5c21c64373809b99c3ca28b2233f9509dd0b",
                "sha256:8532d86f9c172d371639f22f1da8ba255d2f2b2a9fb77dc0285749347f37c882"
            ],
            "index": "pypi",
            "version": "==3.8.3"
        },
        "exceptiongroup": {
            "hashes": [
                "sha256:12c3e887d6485d16943a309616de20ae5582633e0a2eda17f4e10fd61c1e8af5",
                "sha256:e346e69d186172ca7cf029c8c1d16235aa0e04035e5750b4b95039e65204328f"
            ],
            "markers": "python_version < '3.11'",
            "version": "==1.1.2"
        },
        "fastapi": {
            "hashes": [
                "sha256:271662daf986da8fa98dc2b7c7f61c4abdfdccfb4786d79ed8b2878f172c6d5f",
                "sha256:acb5f941ea8215663283c10018323ba7ea737c571b67fc7e88e9469c7eb1d12e"
            ],
            "index": "pypi",
            "version": "==0.100.0"
        },
        "h11": {
            "hashes": [
                "sha256:8f19fbbe99e72420ff35c00b27a34cb9937e902a8b810e2c88300c6f0a3b699d",
                "sha256:e3fe4ac4b851c468cc8363d500db52c2ead036020723024a109d37346efaa761"
            ],
            "markers": "python_version >= '3.7'",
            "version": "==0.14.0"
        },
        "h2": {
            "hashes": [
                "sha256:03a46bcf682256c95b5fd9e9a99c1323584c3eec6440d379b9903d709476bc6d",
                "sha256:a83aca08fbe7aacb79fec788c9c0bac936343560ed9ec18b82a13a12c28d2abb"
            ],
            "version": "==4.1.0"
        },
        "hpack": {
            "hashes": [
                "sha256:84a076fad3dc9a9f8063ccb8041ef100867b1878b25ef0ee63847a5d53818a6c",
                "sha256:fc41de0c63e687ebffde81187a948221294896f6bdc0ae2312708df339430095"
            ],
            "markers": "python_full_version >= '3.6.1'",
            "version": "==4.0.0"
        },
        "httpcore": {
            "hashes": [
                "sha256:a6f30213335e34c1ade7be6ec7c47f19f50c56db36abef1a9dfa3815b1cb3888",
                "sha256:c2789b767ddddfa2a5782e3199b2b7f6894540b17b16ec26b2c4d8e103510b87"
            ],
            "markers": "python_version >= '3.7'",
            "version": "==0.17.3"
        },
        "httpx": {
            "hashes": [
                "sha256:06781eb9ac53cde990577af654bd990a4949de37a28bdb4a230d434f3a30b9bd",
                "sha256:5853a43053df830c20f8110c5e69fe44d035d850b2dfe795e196f00fdb774bdd"
            ],
            "index": "pypi",
            "version": "==0.24.1"
        },
        "hyperframe": {
            "hashes": [
                "sha256:0ec6bafd80d8ad2195c4f03aacba3a8265e57bc4cff261e802bf39970ed02a15",
                "sha256:ae510046231dc8e9ecb1a6586f63d2347bf4c8905914aa84ba585ae85f28a914"
            ],
            "markers": "python_full_version >= '3.6.1'",
            "version": "==6.0.1"
        },
        "idna": {
            "hashes": [
                "sha256:814f528e8dead7d329833b91c5faa87d60bf71824cd12a7530b5526063d02cb4",
                "sha256:90b77e79eaa3eba6de819a0c442c0b4ceefc341a7a2ab77d7562bf49f425c5c2"
            ],
            "markers": "python_version >= '3.5'",
            "version": "==3.4"
        },
        "lxml": {
            "hashes": [
                "sha256:05186a0f1346ae12553d66df1cfce6f251589fea3ad3da4f3ef4e34b2d58c6a3",
                "sha256:075b731ddd9e7f68ad24c635374211376aa05a281673ede86cbe1d1b3455279d",
                "sha256:081d32421db5df44c41b7f08a334a090a545c54ba977e47fd7cc2deece78809a",
                "sha256:0a3d3487f07c1d7f150894c238299934a2a074ef590b583103a45002035be120",
                "sha256:0bfd0767c5c1de2551a120673b72e5d4b628737cb05414f03c3277bf9bed3305",
                "sha256:0c0850c8b02c298d3c7006b23e98249515ac57430e16a166873fc47a5d549287",
                "sha256:0e2cb47860da1f7e9a5256254b74ae331687b9672dfa780eed355c4c9c3dbd23",
                "sha256:120fa9349a24c7043854c53cae8cec227e1f79195a7493e09e0c12e29f918e52",
                "sha256:1247694b26342a7bf47c02e513d32225ededd18045264d40758abeb3c838a51f",
                "sha256:141f1d1a9b663c679dc524af3ea1773e618907e96075262726c7612c02b149a4",
                "sha256:14e019fd83b831b2e61baed40cab76222139926b1fb5ed0e79225bc0cae14584",
                "sha256:1509dd12b773c02acd154582088820893109f6ca27ef7291b003d0e81666109f",
                "sha256:17a753023436a18e27dd7769e798ce302963c236bc4114ceee5b25c18c52c693",
                "sha256:1e224d5755dba2f4a9498e150c43792392ac9b5380aa1b845f98a1618c94eeef",
                "sha256:1f447ea5429b54f9582d4b955f5f1985f278ce5cf169f72eea8afd9502973dd5",
                "sha256:23eed6d7b1a3336ad92d8e39d4bfe09073c31bfe502f20ca5116b2a334f8ec02",
                "sha256:25f32acefac14ef7bd53e4218fe93b804ef6f6b92ffdb4322bb6d49d94cad2bc",
                "sha256:303bf1edce6ced16bf67a18a1cf8339d0db79577eec5d9a6d4a80f0fb10aa2da",
                "sha256:3331bece23c9ee066e0fb3f96c61322b9e0f54d775fccefff4c38ca488de283a",
                "sha256:3e9bdd30efde2b9ccfa9cb5768ba04fe71b018a25ea093379c857c9dad262c40",
                "sha256:411007c0d88188d9f621b11d252cce90c4a2d1a49db6c068e3c16422f306eab8",
                "sha256:42871176e7896d5d45138f6d28751053c711ed4d48d8e30b498da155af39aebd",
                "sha256:46f409a2d60f634fe550f7133ed30ad5321ae2e6630f13657fb9479506b00601",
                "sha256:48628bd53a426c9eb9bc066a923acaa0878d1e86129fd5359aee99285f4eed9c",
                "sha256:48d6ed886b343d11493129e019da91d4039826794a3e3027321c56d9e71505be",
                "sha256:4930be26af26ac545c3dffb662521d4e6268352866956672231887d18f0eaab2",
                "sha256:4aec80cde9197340bc353d2768e2a75f5f60bacda2bab72ab1dc499589b3878c",
                "sha256:4c28a9144688aef80d6ea666c809b4b0e50010a2aca784c97f5e6bf143d9f129",
                "sha256:4d2d1edbca80b510443f51afd8496be95529db04a509bc8faee49c7b0fb6d2cc",
                "sha256:4dd9a263e845a72eacb60d12401e37c616438ea2e5442885f65082c276dfb2b2",
                "sha256:4fb960a632a49f2f089d522f70496640fdf1218f1243889da3822e0a9f5f3ba7",
                "sha256:50670615eaf97227d5dc60de2dc99fb134a7130d310d783314e7724bf163f75d",
                "sha256:50baa9c1c47efcaef189f31e3d00d697c6d4afda5c3cde0302d063492ff9b477",
                "sha256:53ace1c1fd5a74ef662f844a0413446c0629d151055340e9893da958a374f70d",
                "sha256:5515edd2a6d1a5a70bfcdee23b42ec33425e405c5b351478ab7dc9347228f96e",
                "sha256:56dc1f1ebccc656d1b3ed288f11e27172a01503fc016bcabdcbc0978b19352b7",
                "sha256:578695735c5a3f51569810dfebd05dd6f888147a34f0f98d4bb27e92b76e05c2",
                "sha256:57aba1bbdf450b726d58b2aea5fe47c7875f5afb2c4a23784ed78f19a0462574",
                "sha256:57d6ba0ca2b0c462f339640d22882acc711de224d769edf29962b09f77129cbf",
                "sha256:5c245b783db29c4e4fbbbfc9c5a78be496c9fea25517f90606aa1f6b2b3d5f7b",
                "sha256:5c31c7462abdf8f2ac0577d9f05279727e698f97ecbb02f17939ea99ae8daa98",
                "sha256:64f479d719dc9f4c813ad9bb6b28f8390360660b73b2e4beb4cb0ae7104f1c12",
                "sha256:65299ea57d82fb91c7f019300d24050c4ddeb7c5a190e076b5f48a2b43d19c42",
                "sha256:6689a3d7fd13dc687e9102a27e98ef33730ac4fe37795d5036d18b4d527abd35",
                "sha256:690dafd0b187ed38583a648076865d8c229661ed20e48f2335d68e2cf7dc829d",
                "sha256:6fc3c450eaa0b56f815c7b62f2b7fba7266c4779adcf1cece9e6deb1de7305ce",
                "sha256:704f61ba8c1283c71b16135caf697557f5ecf3e74d9e453233e4771d68a1f42d",
                "sha256:71c52db65e4b56b8ddc5bb89fb2e66c558ed9d1a74a45ceb7dcb20c191c3df2f",
                "sha256:71d66ee82e7417828af6ecd7db817913cb0cf9d4e61aa0ac1fde0583d84358db",
                "sha256:7d298a1bd60c067ea75d9f684f5f3992c9d6766fadbc0bcedd39750bf344c2f4",
                "sha256:8b77946fd508cbf0fccd8e400a7f71d4ac0e1595812e66025bac475a8e811694",
                "sha256:8d7e43bd40f65f7d97ad8ef5c9b1778943d02f04febef12def25f7583d19baac",
                "sha256:8df133a2ea5e74eef5e8fc6f19b9e085f758768a16e9877a60aec455ed2609b2",
                "sha256:8ed74706b26ad100433da4b9d807eae371efaa266ffc3e9191ea436087a9d6a7",
                "sha256:92af161ecbdb2883c4593d5ed4815ea71b31fafd7fd05789b23100d081ecac96",
                "sha256:97047f0d25cd4bcae81f9ec9dc290ca3e15927c192df17331b53bebe0e3ff96d",
                "sha256:9719fe17307a9e814580af1f5c6e05ca593b12fb7e44fe62450a5384dbf61b4b",
                "sha256:9767e79108424fb6c3edf8f81e6730666a50feb01a328f4a016464a5893f835a",
                "sha256:9a92d3faef50658dd2c5470af249985782bf754c4e18e15afb67d3ab06233f13",
                "sha256:9bb6ad405121241e99a86efff22d3ef469024ce22875a7ae045896ad23ba2340",
                "sha256:9e28c51fa0ce5674be9f560c6761c1b441631901993f76700b1b30ca6c8378d6",
                "sha256:aca086dc5f9ef98c512bac8efea4483eb84abbf926eaeedf7b91479feb092458",
                "sha256:ae8b9c6deb1e634ba4f1930eb67ef6e6bf6a44b6eb5ad605642b2d6d5ed9ce3c",
                "sha256:b0a545b46b526d418eb91754565ba5b63b1c0b12f9bd2f808c852d9b4b2f9b5c",
                "sha256:b4e4bc18382088514ebde9328da057775055940a1f2e18f6ad2d78aa0f3ec5b9",
                "sha256:b6420a005548ad52154c8ceab4a1290ff78d757f9e5cbc68f8c77089acd3c432",
                "sha256:b86164d2cff4d3aaa1f04a14685cbc072efd0b4f99ca5708b2ad1b9b5988a991",
                "sha256:bb3bb49c7a6ad9d981d734ef7c7193bc349ac338776a0360cc671eaee89bcf69",
                "sha256:bef4e656f7d98aaa3486d2627e7d2df1157d7e88e7efd43a65aa5dd4714916cf",
                "sha256:c0781a98ff5e6586926293e59480b64ddd46282953203c76ae15dbbbf302e8bb",
                "sha256:c2006f5c8d28dee289f7020f721354362fa304acbaaf9745751ac4006650254b",
                "sha256:c41bfca0bd3532d53d16fd34d20806d5c2b1ace22a2f2e4c0008570bf2c58833",
                "sha256:cd47b4a0d41d2afa3e58e5bf1f62069255aa2fd6ff5ee41604418ca925911d76",
                "sha256:cdb650fc86227eba20de1a29d4b2c1bfe139dc75a0669270033cb2ea3d391b85",
                "sha256:cef2502e7e8a96fe5ad686d60b49e1ab03e438bd9123987994528febd569868e",
                "sha256:d27be7405547d1f958b60837dc4c1007da90b8b23f54ba1f8b728c78fdb19d50",
                "sha256:d37017287a7adb6ab77e1c5bee9bcf9660f90ff445042b790402a654d2ad81d8",
                "sha256:d3ff32724f98fbbbfa9f49d82852b159e9784d6094983d9a8b7f2ddaebb063d4",
                "sha256:d73d8ecf8ecf10a3bd007f2192725a34bd62898e8da27eb9d32a58084f93962b",
                "sha256:dd708cf4ee4408cf46a48b108fb9427bfa00b9b85812a9262b5c668af2533ea5",
                "sha256:e3cd95e10c2610c360154afdc2f1480aea394f4a4f1ea0a5eacce49640c9b190",
                "sha256:e4da8ca0c0c0aea88fd46be8e44bd49716772358d648cce45fe387f7b92374a7",
                "sha256:eadfbbbfb41b44034a4c757fd5d70baccd43296fb894dba0295606a7cf3124aa",
                "sha256:ed667f49b11360951e201453fc3967344d0d0263aa415e1619e85ae7fd17b4e0",
                "sha256:f3df3db1d336b9356dd3112eae5f5c2b8b377f3bc826848567f10bfddfee77e9",
                "sha256:f6bdac493b949141b733c5345b6ba8f87a226029cbabc7e9e121a413e49441e0",
                "sha256:fbf521479bcac1e25a663df882c46a641a9bff6b56dc8b0fafaebd2f66fb231b",
                "sha256:fc9b106a1bf918db68619fdcd6d5ad4f972fdd19c01d19bdb6bf63f3589a9ec5",
                "sha256:fcdd00edfd0a3001e0181eab3e63bd5c74ad3e67152c84f93f13769a40e073a7",
                "sha256:fe4bda6bd4340caa6e5cf95e73f8fea5c4bfc55763dd42f1b50a94c1b4a2fbd4"
            ],
            "markers": "python_version >= '2.7' and python_version not in '3.0, 3.1, 3.2, 3.3, 3.4'",
            "version": "==4.9.3"
        },
        "outcome": {
            "hashes": [
                "sha256:6f82bd3de45da303cf1f771ecafa1633750a358436a8bb60e06a1ceb745d2672",
                "sha256:c4ab89a56575d6d38a05aa16daeaa333109c1f96167aba8901ab18b6b5e0f7f5"
            ],
            "markers": "python_version >= '3.7'",
            "version": "==1.2.0"
        },
        "pydantic": {
            "hashes": [
                "sha256:b802f5245b8576315fe619e5989fd083448fa1258638ef9dac301ca60878396d",
                "sha256:f5581e0c79b2ec2fa25a9d30d766629811cdda022107fa73d022ab5578873ae3"
            ],
            "markers": "python_version >= '3.7'",
            "version": "==2.0.2"
        },
        "pydantic-core": {
            "hashes": [
                "sha256:017700236ea2e7afbef5d3803559c80bd8720306778ebd49268de7ce9972e83e",
                "sha256:047e782b9918f35ef534ced36f1fd2064f5581229b7a15e4d3177387a6b53134",
                "sha256:0681472245ef182554208a25d16884c84f1c5a69f14e6169b88932e5da739a1c",
                "sha256:06ae67547251135a1b3f8dd465797b13146295a3866bc12ddd73f7512787bb7c",
                "sha256:080a7af828388284a68ad7d3d3eac3bcfff6a580292849aff087e7d556ec42d4",
                "sha256:0855cf8b760fb40f97f0226cb527c8a94a2ab9d8179628beae20d6939aaeacb0",
                "sha256:087ddbb754575618a8832ee4ab52fe7eb332f502e2a56088b53dbeb5c4efdf9f",
                "sha256:0b5d37aedea5963f2097bddbcdb255483191646a52d40d8bb66d61c190fcac91",
                "sha256:0be2e2812a43205728a06c9d0fd090432cd76a9bb5bff2bfcfdf8b0e27d51851",
                "sha256:0e5761ce986ec709897b1b965fad9743f301500434bea3cbab2b6e662571580f",
                "sha256:15eb4cb543ed36f6a4f16e3bee7aa7ed1c3757be95a3f3bbb2b82b9887131e0f",
                "sha256:1635a37137fafbc6ee0a8c879857e05b30b1aabaa927e653872b71f1501b1502",
                "sha256:1a5c4475510d1a9cc1458a26cfc21442223e52ce9adb640775c38739315d03c7",
                "sha256:1c917f7a41d9d09b8b024a5d65cf37e5588ccdb6e610d2df565fb7186b1f3b1c",
                "sha256:2278ca0b0dfbcfb1e12fa58570916dc260dc72bee5e6e342debf5329d8204688",
                "sha256:24c3c9180a2d19d640bacc2d00f497a9a1f2abadb2a9ee201b56bb03bc5343bd",
                "sha256:2575664f0a559a7b951a518f6f34c23cab7190f34f8220b8c8218c4f403147ee",
                "sha256:2ca2d2d5ab65fb40dd05259965006edcc62a9d9b30102737c0a6f45bcbd254e8",
                "sha256:2ee3ae58f271851362f6c9b33e4c9f9e866557ec7d8c03dc091e9b5aa5566cec",
                "sha256:3747a4178139ebf3f19541285b2eb7c886890ca4eb7eec851578c02a13cc1385",
                "sha256:4663293a36a851a860b1299c50837914269fca127434911297dd39fea9667a01",
                "sha256:46cd323371aa7e4053010ccdb94063a4273aa9e5dbe97f8a1147faa769de8d8d",
                "sha256:4938b32c09dbcecbeb652327cb4a449b1ef1a1bf6c8fc2c8241aa6b8f6d63b54",
                "sha256:4ac140d54da366672f6b91f9a1e8e2d4e7e72720143353501ae886d3fca03272",
                "sha256:4aff436c23c68449601b3fba7075b4f37ef8fbb893c8c1ed3ef898f090332b1e",
                "sha256:4e67f9b9dfda2e42b39459cbf99d319ccb90da151e35cead3521975b2afbf673",
                "sha256:5056afea59651c4e47ec6dadbb77ccae4742c059a3d12bc1c0e393d189d2970d",
                "sha256:51968887d6bd1eaa7fc7759701ea8ccb470c04654beaa8ede6835b0533f206a9",
                "sha256:5948af62f323252d56acaec8ebfca5f15933f6b72f8dbe3bf21ee97b2d10e3f0",
                "sha256:5a014ee88980013d192a718cbb88e8cea20acd3afad69bc6d15672d05a49cdb6",
                "sha256:60b7239206a2f61ad89c7518adfacb3ccd6662eaa07c5e437317aea2615a1f18",
                "sha256:682ff9228c838018c47dfa89b3d84cca45f88cacde28807ab8296ec221862af4",
                "sha256:68a2a767953c707d9575dcf14d8edee7930527ee0141a8bb612c22d1f1059f9a",
                "sha256:6bf00f56a4468f5b03dadb672a5f1d24aea303d4ccffe8a0f548c9e36017edd3",
                "sha256:6e3bcb4a9bc209a61ea2aceb7433ce2ece32c7e670b0c06848bf870c9b3e7d87",
                "sha256:7345b1741bf66a9d8ed0ec291c3eabd534444e139e1ea6db5742ac9fd3be2530",
                "sha256:74a33aa69d476773230396396afb8e11908f8dafdcfd422e746770599a3f889d",
                "sha256:7648e48ba263ca0a8a2dc55a60a219c9133fb101ba52c89a14a29fb3d4322ca3",
                "sha256:7684b5fb906b37e940c5df3f57118f32e033af5e4770e5ae2ae56fbd2fe1a30a",
                "sha256:76c9c55462740d728b344e3a087775846516c3fee31ec56e2075faa7cfcafcbf",
                "sha256:7c7ad8958aadfbcd664078002246796ecd5566b64b22f6af4fd1bbcec6bf8f60",
                "sha256:7ff6bfe63f447a509ed4d368a7f4ba6a7abc03bc4744fc3fb30f2ffab73f3821",
                "sha256:804cf8f6a859620f8eb754c02f7770f61c3e9c519f8338c331d555b3d6976e3c",
                "sha256:8125152b03dd91deca5afe5b933a1994b39405adf6be2fe8dce3632319283f85",
                "sha256:817681d111cb65f07d46496eafec815f48e1aff37713b73135a0a9eb4d3610ab",
                "sha256:818f5cb1b209ab1295087c45717178f4bbbd2bd7eda421f7a119e7b9b736a3cb",
                "sha256:82e09f27edab289187dd924d4d93f2a35f21aa969699b2504aa643da7fbfeff9",
                "sha256:840238c845b0f80777151fef0003088ab91c6f7b3467edaff4932b425c4e3c3f",
                "sha256:87cff210af3258ca0c829e3ebc849d7981bfde23a99d6cb7a3c17a163b3dbad2",
                "sha256:8884a1dbfc5cb8c54b48446ca916d4577c1f4d901126091e4ab25d00194e065f",
                "sha256:88a56f0f6d020b4d17641f4b4d1f9540a536d4146768d059c430e97bdb485fc1",
                "sha256:8b9a5fc4058d64c9c826684dcdb43891c1b474a4a88dcf8dfc3e1fb5889496f8",
                "sha256:8c0213891898fa5b404cf3edf4797e3ac7819a0708ea5473fc6432a2aa27c189",
                "sha256:8e6ce261ccb9a986953c4dce070327e4954f9dd4cd214746dfc70efbc713b6a1",
                "sha256:8eb4e2b71562375609c66a79f89acd4fe95c5cba23473d04952c8b14b6f908f5",
                "sha256:90b06bb47e60173d24c7cb79670aa8dd6081797290353b9d3c66d3a23e88eb34",
                "sha256:94d368af9e6563de6e7170a74710a2cbace7a1e9c8e507d9e3ac34c7065d7ae3",
                "sha256:9a5fba9168fc27805553760fa8198db46eef83bf52b4e87ebbe1333b823d0e70",
                "sha256:9b9f8bf1d7008a58fbb6eb334dc6e2f2905400cced8dadb46c4ca28f005a8562",
                "sha256:a4ae46769d9a7138d58cd190441cac14ce954010a0081f28462ed916c8e55a4f",
                "sha256:a772c652603855d7180015849d483a1f539351a263bb9b81bfe85193a33ce124",
                "sha256:a8b9c2cc4c5f8169b943d24be4bd1548fe81c016d704126e3a3124a2fc164885",
                "sha256:aa39499625239da4ec960cf4fc66b023929b24cc77fb8520289cfdb3c1986428",
                "sha256:aa54902fa51f7d921ba80923cf1c7ff3dce796a7903300bd8824deb90e357744",
                "sha256:ac462a28218ea7d592c7ad51b517558f4ac6565a4e53db7a4811eeaf9c9660b0",
                "sha256:af832edd384755826e494ffdcf1fdda86e4babc42a0b18d342943fb18181040e",
                "sha256:b1fad38db1744d27061df516e59c5025b09b0a50a337c04e6eebdbddc18951bc",
                "sha256:b4038869ba1d8fa33863b4b1286ab07e6075a641ae269b865f94d7e10b3e800e",
                "sha256:b4673d1f29487608d613ebcc5caa99ba15eb58450a7449fb6d800f29d90bebc1",
                "sha256:b4815720c266e832b20e27a7a5f3772bb09fdedb31a9a34bab7b49d98967ef5a",
                "sha256:b59a64c367f350873c40a126ffe9184d903d2126c701380b4b55753484df5948",
                "sha256:b74906e01c7fc938ac889588ef438de812989817095c3c4904721f647d64a4d1",
                "sha256:b815a769b019dd96be6571096f246b74f63330547e9b30244c51b4a2eb0277fc",
                "sha256:bad7029fb2251c1ac7d3acdd607e540d40d137a7d43a5e5acdcfdbd38db3fc0a",
                "sha256:bb471ea8650796060afc99909d9b75da583d317e52f660faf64c45f70b3bf1e2",
                "sha256:bd95d223de5162811a7b36c73d48eac4fee03b075132f3a1b73c132ce157a60c",
                "sha256:be3419204952bbe9b72b90008977379c52f99ae1c6e640488de4be783c345d71",
                "sha256:c0f481aaf0119f77b200e5a5e2799b3e14c015a317eaa948f42263908735cc9f",
                "sha256:c2d00a96fdf26295c6f25eaf9e4a233f353146a73713cd97a5f5dc6090c3aef2",
                "sha256:c720e55cef609d50418bdfdfb5c44a76efc020ae7455505788d0113c54c7df55",
                "sha256:cb854ec52e6e2e05b83d647695f4d913452fdd45a3dfa8233d7dab5967b3908f",
                "sha256:cbba32fb14e199d0493c6b9c44870dab0a9c37af9f0f729068459d1849279ffd",
                "sha256:cd62f73830d4715bc643ae39de0bd4fb9c81d6d743530074da91e77a2cccfe67",
                "sha256:cf92dccca8f66e987f6c4378700447f82b79e86407912ab1ee06b16b82f05120",
                "sha256:d281a10837d98db997c0247f45d138522c91ce30cf3ae7a6afdb5e709707d360",
                "sha256:d2c790f0d928b672484eac4f5696dd0b78f3d6d148a641ea196eb49c0875e30a",
                "sha256:d35d634d9d1ed280c87bc2a7a6217b8787eedc86f368fc2fa1c0c8c78f7d3c93",
                "sha256:db4564aea8b3cb6cf1e5f3fd80f1ced73a255d492396d1bd8abd688795b34d63",
                "sha256:dc737506b4a0ba2922a2626fc6d620ce50a46aebd0fe2fbcad1b93bbdd8c7e78",
                "sha256:e17056390068afd4583d88dcf4d4495764e4e2c7d756464468e0d21abcb8931e",
                "sha256:e68a404fad8493989d6f07b7b9e066f1d2524d7cb64db2d4e9a84c920032c67f",
                "sha256:e7fd334b40c5e13a97becfcaba314de0dcc6f7fe21ec8f992139bcc64700e9dc",
                "sha256:eb4301f009a44bb5db5edfe4e51a8175a4112b566baec07f4af8b1f8cb4649a2",
                "sha256:ebf583f4d9b52abd15cc59e5f6eeca7e3e9741c6ea62d8711c00ac3acb067875",
                "sha256:ef71e73a81a4cd7e87c93e8ff0170140fd93ba33b0f61e83da3f55f6e0a84fb4",
                "sha256:f0eb54b11cd4fe0c6404611eef77086ade03eb1457e92910bbb4f3479efa3f79",
                "sha256:f2de65752fff248319bcd3b29da24e205fa505607539fcd4acc4037355175b63",
                "sha256:f5de2d4167fd4bc5ad205fb7297e25867b8e335ca08d64ed7a561d2955a2c32d",
                "sha256:f7bcdf70c8b6e70be11c78d3c00b80a24cccfb408128f23e91ec3019bed1ecc1",
                "sha256:fa38a76e832743866aed6b715869757074b06357d1a260163ec26d84974245fe",
                "sha256:fc909f62325a631e1401dd07dfc386986dbcac15f98c9ff2145d930678a9d25a"
            ],
            "markers": "python_version >= '3.7'",
            "version": "==2.1.2"
        },
        "pysocks": {
            "hashes": [
                "sha256:08e69f092cc6dbe92a0fdd16eeb9b9ffbc13cadfe5ca4c7bd92ffb078b293299",
                "sha256:2725bd0a9925919b9b51739eea5f9e2bae91e83288108a9ad338b2e3a4435ee5",
                "sha256:3f8804571ebe159c380ac6de37643bb4685970655d3bba243530d6558b799aa0"
            ],
            "version": "==1.7.1"
        },
        "selenium": {
            "hashes": [
                "sha256:40241b9d872f58959e9b34e258488bf11844cd86142fd68182bd41db9991fc5c",
                "sha256:871bf800c4934f745b909c8dfc7d15c65cf45bd2e943abd54451c810ada395e3"
            ],
            "index": "pypi",
            "version": "==4.10.0"
        },
        "sniffio": {
            "hashes": [
                "sha256:e60305c5e5d314f5389259b7f22aaa33d8f7dee49763119234af3755c55b9101",
                "sha256:eecefdce1e5bbfb7ad2eeaabf7c1eeb404d7757c379bd1f7e5cce9d8bf425384"
            ],
            "markers": "python_version >= '3.7'",
            "version": "==1.3.0"
        },
        "socksio": {
            "hashes": [
                "sha256:95dc1f15f9b34e8d7b16f06d74b8ccf48f609af32ab33c608d08761c5dcbb1f3",
                "sha256:f88beb3da5b5c38b9890469de67d0cb0f9d494b78b106ca1845f96c10b91c4ac"
            ],
            "version": "==1.0.0"
        },
        "sortedcontainers": {
            "hashes": [
                "sha256:25caa5a06cc30b6b83d11423433f65d1f9d76c4c6a0c90e3379eaa43b9bfdb88",
                "sha256:a163dcaede0f1c021485e957a39245190e74249897e2ae4b2aa38595db237ee0"
            ],
            "version": "==2.4.0"
        },
        "soupsieve": {
            "hashes": [
                "sha256:1c1bfee6819544a3447586c889157365a27e10d88cde3ad3da0cf0ddf646feb8",
                "sha256:89d12b2d5dfcd2c9e8c22326da9d9aa9cb3dfab0a83a024f05704076ee8d35ea"
            ],
            "markers": "python_version >= '3.7'",
            "version": "==2.4.1"
        },
        "starlette": {
            "hashes": [
                "sha256:6a6b0d042acb8d469a01eba54e9cda6cbd24ac602c4cd016723117d6a7e73b75",
                "sha256:918416370e846586541235ccd38a474c08b80443ed31c578a418e2209b3eef91"
            ],
            "markers": "python_version >= '3.7'",
            "version": "==0.27.0"
        },
        "trio": {
            "hashes": [
                "sha256:1270da4a4a33caf33f85c6a255f2ef5f71629a3ec9aea31a052062b673ae58d3",
                "sha256:eb5f641b313eb502a16de176d84cecd9ccf2394a7c8655d2297398376bb15eca"
            ],
            "markers": "python_version >= '3.7'",
            "version": "==0.22.1"
        },
        "trio-websocket": {
            "hashes": [
                "sha256:1a748604ad906a7dcab9a43c6eb5681e37de4793ba0847ef0bc9486933ed027b",
                "sha256:a9937d48e8132ebf833019efde2a52ca82d223a30a7ea3e8d60a7d28f75a4e3a"
            ],
            "markers": "python_version >= '3.7'",
            "version": "==0.10.3"
        },
        "typing-extensions": {
            "hashes": [
                "sha256:440d5dd3af93b060174bf433bccd69b0babc3b15b1a8dca43789fd7f61514b36",
                "sha256:b75ddc264f0ba5615db7ba217daeb99701ad295353c45f9e95963337ceeeffb2"
            ],
            "markers": "python_version >= '3.7'",
            "version": "==4.7.1"
        },
        "urllib3": {
            "extras": [
                "socks"
            ],
            "hashes": [
                "sha256:48e7fafa40319d358848e1bc6809b208340fafe2096f1725d05d67443d0483d1",
                "sha256:bee28b5e56addb8226c96f7f13ac28cb4c301dd5ea8a6ca179c0b9835e032825"
            ],
            "markers": "python_version >= '3.7'",
            "version": "==2.0.3"
        },
        "uvicorn": {
            "hashes": [
                "sha256:79277ae03db57ce7d9aa0567830bbb51d7a612f54d6e1e3e92da3ef24c2c8ed8",
                "sha256:e9434d3bbf05f310e762147f769c9f21235ee118ba2d2bf1155a7196448bd996"
            ],
            "index": "pypi",
            "version": "==0.22.0"
        },
        "wsproto": {
            "hashes": [
                "sha256:ad565f26ecb92588a3e43bc3d96164de84cd9902482b130d0ddbaa9664a85065",
                "sha256:b9acddd652b585d75b20477888c56642fdade28bdfd3579aa24a4d2c037dd736"
            ],
            "markers": "python_version >= '3.7'",
            "version": "==1.2.0"
        }
    },
    "develop": {
        "autopep8": {
            "hashes": [
                "sha256:86e9303b5e5c8160872b2f5ef611161b2893e9bfe8ccc7e2f76385947d57a2f1",
                "sha256:f9849cdd62108cb739dbcdbfb7fdcc9a30d1b63c4cc3e1c1f893b5360941b61c"
            ],
            "index": "pypi",
            "version": "==2.0.2"
        },
        "pycodestyle": {
            "hashes": [
                "sha256:347187bdb476329d98f695c213d7295a846d1152ff4fe9bacb8a9590b8ee7053",
                "sha256:8a4eaf0d0495c7395bdab3589ac2db602797d76207242c17d470186815706610"
            ],
            "markers": "python_version >= '3.6'",
            "version": "==2.10.0"
        },
        "tomli": {
            "hashes": [
                "sha256:939de3e7a6161af0c887ef91b7d41a53e7c5a1ca976325f429cb46ea9bc30ecc",
                "sha256:de526c12914f0c550d15924c62d72abc48d6fe7364aa87328337a31007fe8a4f"
            ],
            "markers": "python_version < '3.11'",
            "version": "==2.0.1"
        }
    }
}
